PODS:
  - Alamofire (5.4.1)
  - KakaoSDKAuth (2.2.0):
    - KakaoSDKCommon (= 2.2.0)
  - KakaoSDKCommon (2.2.0):
    - Alamofire (~> 5.1)
  - KakaoSDKTalk (2.2.0):
    - KakaoSDKAuth (= 2.2.0)
    - KakaoSDKCommon (= 2.2.0)
    - KakaoSDKTemplate (= 2.2.0)
  - KakaoSDKTemplate (2.2.0):
    - KakaoSDKCommon (= 2.2.0)
  - KakaoSDKUser (2.2.0):
    - KakaoSDKAuth (= 2.2.0)
    - KakaoSDKCommon (= 2.2.0)
  - Kingfisher (6.0.1)
  - lottie-ios (3.1.9)
  - RxCocoa (6.0.0):
    - RxRelay (= 6.0.0)
    - RxSwift (= 6.0.0)
  - RxRelay (6.0.0):
    - RxSwift (= 6.0.0)
  - RxSwift (6.0.0)

DEPENDENCIES:
  - Alamofire
  - KakaoSDKAuth
  - KakaoSDKCommon
  - KakaoSDKTalk
  - KakaoSDKUser
  - Kingfisher
  - lottie-ios
  - RxCocoa (= 6.0.0)
  - RxSwift (= 6.0.0)

SPEC REPOS:
  trunk:
    - Alamofire
    - KakaoSDKAuth
    - KakaoSDKCommon
    - KakaoSDKTalk
    - KakaoSDKTemplate
    - KakaoSDKUser
    - Kingfisher
    - lottie-ios
    - RxCocoa
    - RxRelay
    - RxSwift

SPEC CHECKSUMS:
  Alamofire: 2291f7d21ca607c491dd17642e5d40fdcda0e65c
  KakaoSDKAuth: a6fa63eb1a6a4e03de55d87da597a2976aad9cbf
  KakaoSDKCommon: 90adb38b946ff42f26d70aadb67e679f79fe139c
  KakaoSDKTalk: cf4ce154335c4decfcba71cb68cd84761d691bda
  KakaoSDKTemplate: ddf20dd6bb4e0dd08ffc86e94b0df4b7f2ae2b20
  KakaoSDKUser: b5ddfcdaf4adce40f172cafc9d4864d1a8b4f938
  Kingfisher: adde87a4f74f6a3845395769354efff593581740
  lottie-ios: 3a3758ef5a008e762faec9c9d50a39842f26d124
  RxCocoa: 3f79328fafa3645b34600f37c31e64c73ae3a80e
  RxRelay: 8d593be109c06ea850df027351beba614b012ffb
  RxSwift: c14e798c59b9f6e9a2df8fd235602e85cc044295

PODFILE CHECKSUM: 31fe7a39f21240e6d489221f64eca1f924fe2008

COCOAPODS: 1.10.0
