PODS:
  - Alamofire (5.4.1)
  - Kingfisher (6.0.1)
  - lottie-ios (3.1.9)

DEPENDENCIES:
  - Alamofire
  - Kingfisher
  - lottie-ios

SPEC REPOS:
  trunk:
    - Alamofire
    - Kingfisher
    - lottie-ios

SPEC CHECKSUMS:
  Alamofire: 2291f7d21ca607c491dd17642e5d40fdcda0e65c
  Kingfisher: adde87a4f74f6a3845395769354efff593581740
  lottie-ios: 3a3758ef5a008e762faec9c9d50a39842f26d124

PODFILE CHECKSUM: c01f250fe26869429f17b0a0663244870663d69d

COCOAPODS: 1.9.1
