// !$*UTF8*$!
{
	archiveVersion = 1;
	classes = {
	};
	objectVersion = 51;
	objects = {

/* Begin PBXBuildFile section */
		4052034E25C537110066989C /* VC.swift in Sources */ = {isa = PBXBuildFile; fileRef = 4052034D25C537110066989C /* VC.swift */; };
		4052035225C537890066989C /* CollectionViewCell.swift in Sources */ = {isa = PBXBuildFile; fileRef = 4052035125C537890066989C /* CollectionViewCell.swift */; };
		408E518F25CAF5E20037EC9B /* GridCollectionViewCell.xib in Resources */ = {isa = PBXBuildFile; fileRef = 408E518E25CAF5E20037EC9B /* GridCollectionViewCell.xib */; };
		408E519225CAF81E0037EC9B /* GridCollectionViewCell.swift in Sources */ = {isa = PBXBuildFile; fileRef = 408E519125CAF81E0037EC9B /* GridCollectionViewCell.swift */; };
		408E519B25CB1E6E0037EC9B /* OnboardingSB.storyboard in Resources */ = {isa = PBXBuildFile; fileRef = 408E519A25CB1E6E0037EC9B /* OnboardingSB.storyboard */; };
		408E51A025CB201C0037EC9B /* OnboardingVC.swift in Sources */ = {isa = PBXBuildFile; fileRef = 408E519F25CB201C0037EC9B /* OnboardingVC.swift */; };
		40ADFC0E25C9AFA100721F4D /* ListSB.storyboard in Resources */ = {isa = PBXBuildFile; fileRef = 40ADFC0D25C9AFA100721F4D /* ListSB.storyboard */; };
		40ADFC1325C9B03800721F4D /* StickyCellFlowLayout.swift in Sources */ = {isa = PBXBuildFile; fileRef = 40ADFC1225C9B03800721F4D /* StickyCellFlowLayout.swift */; };
		40DE15C925C8629300184320 /* ListCollectionViewCell.swift in Sources */ = {isa = PBXBuildFile; fileRef = 40DE15C825C8629300184320 /* ListCollectionViewCell.swift */; };
		40DE15CC25C8636D00184320 /* ListVC.swift in Sources */ = {isa = PBXBuildFile; fileRef = 40DE15CB25C8636D00184320 /* ListVC.swift */; };
		88DE6CEB42D2D43A9C392C22 /* Pods_Gift_zip_iOS.framework in Frameworks */ = {isa = PBXBuildFile; fileRef = 39B10916997BFB92D3A04B42 /* Pods_Gift_zip_iOS.framework */; };
		D400F5AA25CDA3CE00F71709 /* PackageStickerCVC.swift in Sources */ = {isa = PBXBuildFile; fileRef = D400F5A825CDA3CE00F71709 /* PackageStickerCVC.swift */; };
		D400F5AB25CDA3CE00F71709 /* PackageStickerCVC.xib in Resources */ = {isa = PBXBuildFile; fileRef = D400F5A925CDA3CE00F71709 /* PackageStickerCVC.xib */; };
		D400F5B225CDAE2E00F71709 /* SingleCVC.swift in Sources */ = {isa = PBXBuildFile; fileRef = D400F5B025CDAE2E00F71709 /* SingleCVC.swift */; };
		D400F5B325CDAE2E00F71709 /* SingleCVC.xib in Resources */ = {isa = PBXBuildFile; fileRef = D400F5B125CDAE2E00F71709 /* SingleCVC.xib */; };
		D41F926625CEDE30009B9743 /* HeaderTVC.swift in Sources */ = {isa = PBXBuildFile; fileRef = D41F926525CEDE30009B9743 /* HeaderTVC.swift */; };
		D41F926925CF00CA009B9743 /* FooterTVC.swift in Sources */ = {isa = PBXBuildFile; fileRef = D41F926825CF00CA009B9743 /* FooterTVC.swift */; };
		D4336D1F25BE80D500D27568 /* AppDelegate.swift in Sources */ = {isa = PBXBuildFile; fileRef = D4336D1E25BE80D500D27568 /* AppDelegate.swift */; };
		D4336D2125BE80D500D27568 /* SceneDelegate.swift in Sources */ = {isa = PBXBuildFile; fileRef = D4336D2025BE80D500D27568 /* SceneDelegate.swift */; };
		D4336D2325BE80D500D27568 /* ViewController.swift in Sources */ = {isa = PBXBuildFile; fileRef = D4336D2225BE80D500D27568 /* ViewController.swift */; };
		D4336D2625BE80D500D27568 /* Main.storyboard in Resources */ = {isa = PBXBuildFile; fileRef = D4336D2425BE80D500D27568 /* Main.storyboard */; };
		D4336D2825BE80D500D27568 /* Assets.xcassets in Resources */ = {isa = PBXBuildFile; fileRef = D4336D2725BE80D500D27568 /* Assets.xcassets */; };
		D4336D2B25BE80D500D27568 /* LaunchScreen.storyboard in Resources */ = {isa = PBXBuildFile; fileRef = D4336D2925BE80D500D27568 /* LaunchScreen.storyboard */; };
		D4336D4225BE81FB00D27568 /* UIView+Extensions.swift in Sources */ = {isa = PBXBuildFile; fileRef = D4336D4125BE81FB00D27568 /* UIView+Extensions.swift */; };
		D465156925CE9F8100CDA2EB /* SettingsVC.swift in Sources */ = {isa = PBXBuildFile; fileRef = D465156825CE9F8100CDA2EB /* SettingsVC.swift */; };
		D465156D25CE9F9000CDA2EB /* Settings.storyboard in Resources */ = {isa = PBXBuildFile; fileRef = D465156C25CE9F9000CDA2EB /* Settings.storyboard */; };
		D465157225CEA44B00CDA2EB /* SettingsTVC.swift in Sources */ = {isa = PBXBuildFile; fileRef = D465157125CEA44B00CDA2EB /* SettingsTVC.swift */; };
		D4A08E9225BFDCFF009CFCC4 /* RecordVC.swift in Sources */ = {isa = PBXBuildFile; fileRef = D4A08E9125BFDCFF009CFCC4 /* RecordVC.swift */; };
		D4A08E9525BFDD09009CFCC4 /* Record.storyboard in Resources */ = {isa = PBXBuildFile; fileRef = D4A08E9425BFDD09009CFCC4 /* Record.storyboard */; };
		D4A08E9E25BFE031009CFCC4 /* UIColor+Extensions.swift in Sources */ = {isa = PBXBuildFile; fileRef = D4A08E9D25BFE031009CFCC4 /* UIColor+Extensions.swift */; };
		D4A08EB425C016BA009CFCC4 /* DatePopupVC.swift in Sources */ = {isa = PBXBuildFile; fileRef = D4A08EB325C016BA009CFCC4 /* DatePopupVC.swift */; };
		D4A08EB625C01A8A009CFCC4 /* Spoqa Han Sans Neo Bold.otf in Resources */ = {isa = PBXBuildFile; fileRef = D4A08EA025BFE37B009CFCC4 /* Spoqa Han Sans Neo Bold.otf */; };
		D4A08EB825C01A8D009CFCC4 /* Spoqa Han Sans Neo Regular.otf in Resources */ = {isa = PBXBuildFile; fileRef = D4A08EA125BFE37C009CFCC4 /* Spoqa Han Sans Neo Regular.otf */; };
		D4A08EBD25C01D32009CFCC4 /* PopupViewDelegate.swift in Sources */ = {isa = PBXBuildFile; fileRef = D4A08EBC25C01D32009CFCC4 /* PopupViewDelegate.swift */; };
		D4B189A125CBCEA2007C6AE9 /* StickerView.swift in Sources */ = {isa = PBXBuildFile; fileRef = D4B189A025CBCEA2007C6AE9 /* StickerView.swift */; };
		D4B189A525CBCEEF007C6AE9 /* XibView.swift in Sources */ = {isa = PBXBuildFile; fileRef = D4B189A425CBCEEF007C6AE9 /* XibView.swift */; };
		D4B189A825CBCF30007C6AE9 /* StickerView.xib in Resources */ = {isa = PBXBuildFile; fileRef = D4B189A725CBCF30007C6AE9 /* StickerView.xib */; };
		D4B189AB25CBDF4B007C6AE9 /* CategorySecondCVC.swift in Sources */ = {isa = PBXBuildFile; fileRef = D4B189AA25CBDF4B007C6AE9 /* CategorySecondCVC.swift */; };
		D4D5261025CAFE2400D18386 /* IconPopupVC.swift in Sources */ = {isa = PBXBuildFile; fileRef = D4D5260F25CAFE2400D18386 /* IconPopupVC.swift */; };
		D4D5261525CB018A00D18386 /* CategoryCVC.swift in Sources */ = {isa = PBXBuildFile; fileRef = D4D5261425CB018A00D18386 /* CategoryCVC.swift */; };
		D4D5262425CB385700D18386 /* MainSB.storyboard in Resources */ = {isa = PBXBuildFile; fileRef = D4D5262325CB385700D18386 /* MainSB.storyboard */; };
		D4D6B3D025D1059800231F8E /* LogoutPopupVC.swift in Sources */ = {isa = PBXBuildFile; fileRef = D4D6B3CF25D1059800231F8E /* LogoutPopupVC.swift */; };
		D4F3609625C8739F00874874 /* ShiftyImageCropVC.swift in Sources */ = {isa = PBXBuildFile; fileRef = D4F3609525C8739F00874874 /* ShiftyImageCropVC.swift */; };
		D4F360AC25C8871700874874 /* ImageCropVC.swift in Sources */ = {isa = PBXBuildFile; fileRef = D4F360AB25C8871700874874 /* ImageCropVC.swift */; };
		D4F4915C25CD9E5F00FE9BF6 /* SingleStickerCVC.swift in Sources */ = {isa = PBXBuildFile; fileRef = D4F4915A25CD9E5F00FE9BF6 /* SingleStickerCVC.swift */; };
		D4F4915D25CD9E5F00FE9BF6 /* SingleStickerCVC.xib in Resources */ = {isa = PBXBuildFile; fileRef = D4F4915B25CD9E5F00FE9BF6 /* SingleStickerCVC.xib */; };
/* End PBXBuildFile section */

/* Begin PBXFileReference section */
		39B10916997BFB92D3A04B42 /* Pods_Gift_zip_iOS.framework */ = {isa = PBXFileReference; explicitFileType = wrapper.framework; includeInIndex = 0; path = Pods_Gift_zip_iOS.framework; sourceTree = BUILT_PRODUCTS_DIR; };
		4052034D25C537110066989C /* VC.swift */ = {isa = PBXFileReference; lastKnownFileType = sourcecode.swift; path = VC.swift; sourceTree = "<group>"; };
		4052035125C537890066989C /* CollectionViewCell.swift */ = {isa = PBXFileReference; lastKnownFileType = sourcecode.swift; path = CollectionViewCell.swift; sourceTree = "<group>"; };
		408E518E25CAF5E20037EC9B /* GridCollectionViewCell.xib */ = {isa = PBXFileReference; lastKnownFileType = file.xib; path = GridCollectionViewCell.xib; sourceTree = "<group>"; };
		408E519125CAF81E0037EC9B /* GridCollectionViewCell.swift */ = {isa = PBXFileReference; lastKnownFileType = sourcecode.swift; path = GridCollectionViewCell.swift; sourceTree = "<group>"; };
		408E519A25CB1E6E0037EC9B /* OnboardingSB.storyboard */ = {isa = PBXFileReference; lastKnownFileType = file.storyboard; path = OnboardingSB.storyboard; sourceTree = "<group>"; };
		408E519D25CB1FFE0037EC9B /* Gift.zip-iOS.entitlements */ = {isa = PBXFileReference; lastKnownFileType = text.plist.entitlements; path = "Gift.zip-iOS.entitlements"; sourceTree = "<group>"; };
		408E519F25CB201C0037EC9B /* OnboardingVC.swift */ = {isa = PBXFileReference; lastKnownFileType = sourcecode.swift; path = OnboardingVC.swift; sourceTree = "<group>"; };
		40ADFC0D25C9AFA100721F4D /* ListSB.storyboard */ = {isa = PBXFileReference; fileEncoding = 4; lastKnownFileType = file.storyboard; path = ListSB.storyboard; sourceTree = "<group>"; };
		40ADFC1225C9B03800721F4D /* StickyCellFlowLayout.swift */ = {isa = PBXFileReference; lastKnownFileType = sourcecode.swift; path = StickyCellFlowLayout.swift; sourceTree = "<group>"; };
		40DE15C825C8629300184320 /* ListCollectionViewCell.swift */ = {isa = PBXFileReference; lastKnownFileType = sourcecode.swift; path = ListCollectionViewCell.swift; sourceTree = "<group>"; };
		40DE15CB25C8636D00184320 /* ListVC.swift */ = {isa = PBXFileReference; lastKnownFileType = sourcecode.swift; path = ListVC.swift; sourceTree = "<group>"; };
		CAB51F8940A7A2D1DBE7B8F8 /* Pods-Gift.zip-iOS.release.xcconfig */ = {isa = PBXFileReference; includeInIndex = 1; lastKnownFileType = text.xcconfig; name = "Pods-Gift.zip-iOS.release.xcconfig"; path = "Target Support Files/Pods-Gift.zip-iOS/Pods-Gift.zip-iOS.release.xcconfig"; sourceTree = "<group>"; };
		CD281D2B3ABD9BE5F785046B /* Pods-Gift.zip-iOS.debug.xcconfig */ = {isa = PBXFileReference; includeInIndex = 1; lastKnownFileType = text.xcconfig; name = "Pods-Gift.zip-iOS.debug.xcconfig"; path = "Target Support Files/Pods-Gift.zip-iOS/Pods-Gift.zip-iOS.debug.xcconfig"; sourceTree = "<group>"; };
		D400F5A825CDA3CE00F71709 /* PackageStickerCVC.swift */ = {isa = PBXFileReference; lastKnownFileType = sourcecode.swift; path = PackageStickerCVC.swift; sourceTree = "<group>"; };
		D400F5A925CDA3CE00F71709 /* PackageStickerCVC.xib */ = {isa = PBXFileReference; lastKnownFileType = file.xib; path = PackageStickerCVC.xib; sourceTree = "<group>"; };
		D400F5B025CDAE2E00F71709 /* SingleCVC.swift */ = {isa = PBXFileReference; lastKnownFileType = sourcecode.swift; path = SingleCVC.swift; sourceTree = "<group>"; };
		D400F5B125CDAE2E00F71709 /* SingleCVC.xib */ = {isa = PBXFileReference; lastKnownFileType = file.xib; path = SingleCVC.xib; sourceTree = "<group>"; };
		D41F926525CEDE30009B9743 /* HeaderTVC.swift */ = {isa = PBXFileReference; lastKnownFileType = sourcecode.swift; path = HeaderTVC.swift; sourceTree = "<group>"; };
		D41F926825CF00CA009B9743 /* FooterTVC.swift */ = {isa = PBXFileReference; lastKnownFileType = sourcecode.swift; path = FooterTVC.swift; sourceTree = "<group>"; };
		D4336D1B25BE80D500D27568 /* Gift.zip-iOS.app */ = {isa = PBXFileReference; explicitFileType = wrapper.application; includeInIndex = 0; path = "Gift.zip-iOS.app"; sourceTree = BUILT_PRODUCTS_DIR; };
		D4336D1E25BE80D500D27568 /* AppDelegate.swift */ = {isa = PBXFileReference; lastKnownFileType = sourcecode.swift; path = AppDelegate.swift; sourceTree = "<group>"; };
		D4336D2025BE80D500D27568 /* SceneDelegate.swift */ = {isa = PBXFileReference; lastKnownFileType = sourcecode.swift; path = SceneDelegate.swift; sourceTree = "<group>"; };
		D4336D2225BE80D500D27568 /* ViewController.swift */ = {isa = PBXFileReference; lastKnownFileType = sourcecode.swift; path = ViewController.swift; sourceTree = "<group>"; };
		D4336D2525BE80D500D27568 /* Base */ = {isa = PBXFileReference; lastKnownFileType = file.storyboard; name = Base; path = Base.lproj/Main.storyboard; sourceTree = "<group>"; };
		D4336D2725BE80D500D27568 /* Assets.xcassets */ = {isa = PBXFileReference; lastKnownFileType = folder.assetcatalog; path = Assets.xcassets; sourceTree = "<group>"; };
		D4336D2A25BE80D500D27568 /* Base */ = {isa = PBXFileReference; lastKnownFileType = file.storyboard; name = Base; path = Base.lproj/LaunchScreen.storyboard; sourceTree = "<group>"; };
		D4336D2C25BE80D600D27568 /* Info.plist */ = {isa = PBXFileReference; lastKnownFileType = text.plist.xml; path = Info.plist; sourceTree = "<group>"; };
		D4336D4125BE81FB00D27568 /* UIView+Extensions.swift */ = {isa = PBXFileReference; lastKnownFileType = sourcecode.swift; path = "UIView+Extensions.swift"; sourceTree = "<group>"; };
		D465156825CE9F8100CDA2EB /* SettingsVC.swift */ = {isa = PBXFileReference; lastKnownFileType = sourcecode.swift; path = SettingsVC.swift; sourceTree = "<group>"; };
		D465156C25CE9F9000CDA2EB /* Settings.storyboard */ = {isa = PBXFileReference; lastKnownFileType = file.storyboard; path = Settings.storyboard; sourceTree = "<group>"; };
		D465157125CEA44B00CDA2EB /* SettingsTVC.swift */ = {isa = PBXFileReference; lastKnownFileType = sourcecode.swift; path = SettingsTVC.swift; sourceTree = "<group>"; };
		D4A08E9125BFDCFF009CFCC4 /* RecordVC.swift */ = {isa = PBXFileReference; lastKnownFileType = sourcecode.swift; path = RecordVC.swift; sourceTree = "<group>"; };
		D4A08E9425BFDD09009CFCC4 /* Record.storyboard */ = {isa = PBXFileReference; lastKnownFileType = file.storyboard; path = Record.storyboard; sourceTree = "<group>"; };
		D4A08E9D25BFE031009CFCC4 /* UIColor+Extensions.swift */ = {isa = PBXFileReference; lastKnownFileType = sourcecode.swift; path = "UIColor+Extensions.swift"; sourceTree = "<group>"; };
		D4A08EA025BFE37B009CFCC4 /* Spoqa Han Sans Neo Bold.otf */ = {isa = PBXFileReference; lastKnownFileType = file; path = "Spoqa Han Sans Neo Bold.otf"; sourceTree = "<group>"; };
		D4A08EA125BFE37C009CFCC4 /* Spoqa Han Sans Neo Regular.otf */ = {isa = PBXFileReference; lastKnownFileType = file; path = "Spoqa Han Sans Neo Regular.otf"; sourceTree = "<group>"; };
		D4A08EB325C016BA009CFCC4 /* DatePopupVC.swift */ = {isa = PBXFileReference; lastKnownFileType = sourcecode.swift; path = DatePopupVC.swift; sourceTree = "<group>"; };
		D4A08EBC25C01D32009CFCC4 /* PopupViewDelegate.swift */ = {isa = PBXFileReference; lastKnownFileType = sourcecode.swift; path = PopupViewDelegate.swift; sourceTree = "<group>"; };
		D4B189A025CBCEA2007C6AE9 /* StickerView.swift */ = {isa = PBXFileReference; lastKnownFileType = sourcecode.swift; path = StickerView.swift; sourceTree = "<group>"; };
		D4B189A425CBCEEF007C6AE9 /* XibView.swift */ = {isa = PBXFileReference; lastKnownFileType = sourcecode.swift; path = XibView.swift; sourceTree = "<group>"; };
		D4B189A725CBCF30007C6AE9 /* StickerView.xib */ = {isa = PBXFileReference; lastKnownFileType = file.xib; path = StickerView.xib; sourceTree = "<group>"; };
		D4B189AA25CBDF4B007C6AE9 /* CategorySecondCVC.swift */ = {isa = PBXFileReference; lastKnownFileType = sourcecode.swift; path = CategorySecondCVC.swift; sourceTree = "<group>"; };
		D4D5260F25CAFE2400D18386 /* IconPopupVC.swift */ = {isa = PBXFileReference; lastKnownFileType = sourcecode.swift; path = IconPopupVC.swift; sourceTree = "<group>"; };
		D4D5261425CB018A00D18386 /* CategoryCVC.swift */ = {isa = PBXFileReference; lastKnownFileType = sourcecode.swift; path = CategoryCVC.swift; sourceTree = "<group>"; };
		D4D5262325CB385700D18386 /* MainSB.storyboard */ = {isa = PBXFileReference; fileEncoding = 4; lastKnownFileType = file.storyboard; path = MainSB.storyboard; sourceTree = "<group>"; };
		D4D6B3CF25D1059800231F8E /* LogoutPopupVC.swift */ = {isa = PBXFileReference; lastKnownFileType = sourcecode.swift; path = LogoutPopupVC.swift; sourceTree = "<group>"; };
		D4EADD3325CA693E002B8629 /* ListSB.storyboard */ = {isa = PBXFileReference; fileEncoding = 4; lastKnownFileType = file.storyboard; path = ListSB.storyboard; sourceTree = "<group>"; };
		D4F3609525C8739F00874874 /* ShiftyImageCropVC.swift */ = {isa = PBXFileReference; lastKnownFileType = sourcecode.swift; path = ShiftyImageCropVC.swift; sourceTree = "<group>"; };
		D4F360AB25C8871700874874 /* ImageCropVC.swift */ = {isa = PBXFileReference; lastKnownFileType = sourcecode.swift; path = ImageCropVC.swift; sourceTree = "<group>"; };
		D4F4915A25CD9E5F00FE9BF6 /* SingleStickerCVC.swift */ = {isa = PBXFileReference; lastKnownFileType = sourcecode.swift; path = SingleStickerCVC.swift; sourceTree = "<group>"; };
		D4F4915B25CD9E5F00FE9BF6 /* SingleStickerCVC.xib */ = {isa = PBXFileReference; lastKnownFileType = file.xib; path = SingleStickerCVC.xib; sourceTree = "<group>"; };
/* End PBXFileReference section */

/* Begin PBXFrameworksBuildPhase section */
		D4336D1825BE80D500D27568 /* Frameworks */ = {
			isa = PBXFrameworksBuildPhase;
			buildActionMask = 2147483647;
			files = (
				88DE6CEB42D2D43A9C392C22 /* Pods_Gift_zip_iOS.framework in Frameworks */,
			);
			runOnlyForDeploymentPostprocessing = 0;
		};
/* End PBXFrameworksBuildPhase section */

/* Begin PBXGroup section */
		40141E3E25BEE625003B49B4 /* Main */ = {
			isa = PBXGroup;
			children = (
				40141E4125BEE649003B49B4 /* VC */,
				40141E4025BEE63D003B49B4 /* Storyboards */,
				40141E3F25BEE630003B49B4 /* Cells */,
			);
			path = Main;
			sourceTree = "<group>";
		};
		40141E3F25BEE630003B49B4 /* Cells */ = {
			isa = PBXGroup;
			children = (
				4052035125C537890066989C /* CollectionViewCell.swift */,
			);
			path = Cells;
			sourceTree = "<group>";
		};
		40141E4025BEE63D003B49B4 /* Storyboards */ = {
			isa = PBXGroup;
			children = (
				D4D5262325CB385700D18386 /* MainSB.storyboard */,
			);
			path = Storyboards;
			sourceTree = "<group>";
		};
		40141E4125BEE649003B49B4 /* VC */ = {
			isa = PBXGroup;
			children = (
				4052034D25C537110066989C /* VC.swift */,
			);
			path = VC;
			sourceTree = "<group>";
		};
		408E518C25CA676A0037EC9B /* Storyboards */ = {
			isa = PBXGroup;
			children = (
				40ADFC0D25C9AFA100721F4D /* ListSB.storyboard */,
				408E518E25CAF5E20037EC9B /* GridCollectionViewCell.xib */,
			);
			path = Storyboards;
			sourceTree = "<group>";
		};
		408E519625CB16310037EC9B /* Onboarding */ = {
			isa = PBXGroup;
			children = (
				408E519925CB1E590037EC9B /* Cells */,
				408E519825CB1E4E0037EC9B /* Storyboards */,
				408E519725CB163D0037EC9B /* VC */,
			);
			path = Onboarding;
			sourceTree = "<group>";
		};
		408E519725CB163D0037EC9B /* VC */ = {
			isa = PBXGroup;
			children = (
				408E519F25CB201C0037EC9B /* OnboardingVC.swift */,
			);
			path = VC;
			sourceTree = "<group>";
		};
		408E519825CB1E4E0037EC9B /* Storyboards */ = {
			isa = PBXGroup;
			children = (
				408E519A25CB1E6E0037EC9B /* OnboardingSB.storyboard */,
			);
			path = Storyboards;
			sourceTree = "<group>";
		};
		408E519925CB1E590037EC9B /* Cells */ = {
			isa = PBXGroup;
			children = (
			);
			path = Cells;
			sourceTree = "<group>";
		};
		40DE15BA25C858F100184320 /* List */ = {
			isa = PBXGroup;
			children = (
				408E518C25CA676A0037EC9B /* Storyboards */,
				40DE15C325C861EA00184320 /* Helper */,
				40DE15BD25C8591000184320 /* Cells */,
				40DE15BB25C858FF00184320 /* VC */,
			);
			path = List;
			sourceTree = "<group>";
		};
		40DE15BB25C858FF00184320 /* VC */ = {
			isa = PBXGroup;
			children = (
				40DE15CB25C8636D00184320 /* ListVC.swift */,
			);
			path = VC;
			sourceTree = "<group>";
		};
		40DE15BD25C8591000184320 /* Cells */ = {
			isa = PBXGroup;
			children = (
				40DE15C825C8629300184320 /* ListCollectionViewCell.swift */,
				408E519125CAF81E0037EC9B /* GridCollectionViewCell.swift */,
			);
			path = Cells;
			sourceTree = "<group>";
		};
		40DE15C325C861EA00184320 /* Helper */ = {
			isa = PBXGroup;
			children = (
				40ADFC1225C9B03800721F4D /* StickyCellFlowLayout.swift */,
			);
			path = Helper;
			sourceTree = "<group>";
		};
		62B1DBF11BBCAAA03867E9E9 /* Pods */ = {
			isa = PBXGroup;
			children = (
				CD281D2B3ABD9BE5F785046B /* Pods-Gift.zip-iOS.debug.xcconfig */,
				CAB51F8940A7A2D1DBE7B8F8 /* Pods-Gift.zip-iOS.release.xcconfig */,
			);
			path = Pods;
			sourceTree = "<group>";
		};
		91910E729BEF26157CDD5296 /* Frameworks */ = {
			isa = PBXGroup;
			children = (
				39B10916997BFB92D3A04B42 /* Pods_Gift_zip_iOS.framework */,
			);
			name = Frameworks;
			sourceTree = "<group>";
		};
		D4336D1225BE80D500D27568 = {
			isa = PBXGroup;
			children = (
				D4336D1D25BE80D500D27568 /* Gift.zip-iOS */,
				D4336D1C25BE80D500D27568 /* Products */,
				62B1DBF11BBCAAA03867E9E9 /* Pods */,
				91910E729BEF26157CDD5296 /* Frameworks */,
				D4D5261D25CB195400D18386 /* Recovered References */,
			);
			sourceTree = "<group>";
		};
		D4336D1C25BE80D500D27568 /* Products */ = {
			isa = PBXGroup;
			children = (
				D4336D1B25BE80D500D27568 /* Gift.zip-iOS.app */,
			);
			name = Products;
			sourceTree = "<group>";
		};
		D4336D1D25BE80D500D27568 /* Gift.zip-iOS */ = {
			isa = PBXGroup;
			children = (
				D465156525CE9F6600CDA2EB /* Settings */,
				D4B1899D25CBCE75007C6AE9 /* Stickers */,
				408E519D25CB1FFE0037EC9B /* Gift.zip-iOS.entitlements */,
				408E519625CB16310037EC9B /* Onboarding */,
				40DE15BA25C858F100184320 /* List */,
				40141E3E25BEE625003B49B4 /* Main */,
				D4A08E9025BFDCE2009CFCC4 /* Record */,
				D4336D3D25BE81D200D27568 /* Global */,
				D4336D2225BE80D500D27568 /* ViewController.swift */,
				D4336D2425BE80D500D27568 /* Main.storyboard */,
				D4336D2725BE80D500D27568 /* Assets.xcassets */,
				D4336D2925BE80D500D27568 /* LaunchScreen.storyboard */,
			);
			path = "Gift.zip-iOS";
			sourceTree = "<group>";
		};
		D4336D3D25BE81D200D27568 /* Global */ = {
			isa = PBXGroup;
			children = (
				D4B189A325CBCEDC007C6AE9 /* CustomView */,
				D4A08EBA25C01D06009CFCC4 /* Protocols */,
				D4336D4425BE822A00D27568 /* Supporting Files */,
				D4336D4025BE81E700D27568 /* Extensions */,
				D4336D3E25BE81D800D27568 /* Delegate */,
			);
			path = Global;
			sourceTree = "<group>";
		};
		D4336D3E25BE81D800D27568 /* Delegate */ = {
			isa = PBXGroup;
			children = (
				D4336D1E25BE80D500D27568 /* AppDelegate.swift */,
				D4336D2025BE80D500D27568 /* SceneDelegate.swift */,
			);
			path = Delegate;
			sourceTree = "<group>";
		};
		D4336D4025BE81E700D27568 /* Extensions */ = {
			isa = PBXGroup;
			children = (
				D4336D4125BE81FB00D27568 /* UIView+Extensions.swift */,
				D4A08E9D25BFE031009CFCC4 /* UIColor+Extensions.swift */,
			);
			path = Extensions;
			sourceTree = "<group>";
		};
		D4336D4425BE822A00D27568 /* Supporting Files */ = {
			isa = PBXGroup;
			children = (
				D4A08EA025BFE37B009CFCC4 /* Spoqa Han Sans Neo Bold.otf */,
				D4A08EA125BFE37C009CFCC4 /* Spoqa Han Sans Neo Regular.otf */,
				D4336D2C25BE80D600D27568 /* Info.plist */,
			);
			path = "Supporting Files";
			sourceTree = "<group>";
		};
		D465156525CE9F6600CDA2EB /* Settings */ = {
			isa = PBXGroup;
			children = (
				D465157025CEA43600CDA2EB /* Cells */,
				D465156725CE9F7600CDA2EB /* VCs */,
				D465156625CE9F6D00CDA2EB /* Storyboards */,
			);
			path = Settings;
			sourceTree = "<group>";
		};
		D465156625CE9F6D00CDA2EB /* Storyboards */ = {
			isa = PBXGroup;
			children = (
				D465156C25CE9F9000CDA2EB /* Settings.storyboard */,
			);
			path = Storyboards;
			sourceTree = "<group>";
		};
		D465156725CE9F7600CDA2EB /* VCs */ = {
			isa = PBXGroup;
			children = (
				D4D6B3CF25D1059800231F8E /* LogoutPopupVC.swift */,
				D465156825CE9F8100CDA2EB /* SettingsVC.swift */,
			);
			path = VCs;
			sourceTree = "<group>";
		};
		D465157025CEA43600CDA2EB /* Cells */ = {
			isa = PBXGroup;
			children = (
				D465157125CEA44B00CDA2EB /* SettingsTVC.swift */,
				D41F926525CEDE30009B9743 /* HeaderTVC.swift */,
				D41F926825CF00CA009B9743 /* FooterTVC.swift */,
			);
			path = Cells;
			sourceTree = "<group>";
		};
		D4A08E9025BFDCE2009CFCC4 /* Record */ = {
			isa = PBXGroup;
			children = (
				D4D5261325CB017800D18386 /* Cells */,
				D4A08E9725BFDD10009CFCC4 /* VCs */,
				D4A08E9925BFDD14009CFCC4 /* Storyboards */,
			);
			path = Record;
			sourceTree = "<group>";
		};
		D4A08E9725BFDD10009CFCC4 /* VCs */ = {
			isa = PBXGroup;
			children = (
				D4A08E9125BFDCFF009CFCC4 /* RecordVC.swift */,
				D4A08EB325C016BA009CFCC4 /* DatePopupVC.swift */,
				D4F3609525C8739F00874874 /* ShiftyImageCropVC.swift */,
				D4D5260F25CAFE2400D18386 /* IconPopupVC.swift */,
				D4F360AB25C8871700874874 /* ImageCropVC.swift */,
			);
			path = VCs;
			sourceTree = "<group>";
		};
		D4A08E9925BFDD14009CFCC4 /* Storyboards */ = {
			isa = PBXGroup;
			children = (
				D4A08E9425BFDD09009CFCC4 /* Record.storyboard */,
			);
			path = Storyboards;
			sourceTree = "<group>";
		};
		D4A08EBA25C01D06009CFCC4 /* Protocols */ = {
			isa = PBXGroup;
			children = (
				D4A08EBC25C01D32009CFCC4 /* PopupViewDelegate.swift */,
			);
			path = Protocols;
			sourceTree = "<group>";
		};
		D4B1899D25CBCE75007C6AE9 /* Stickers */ = {
			isa = PBXGroup;
			children = (
				D4B1899F25CBCE88007C6AE9 /* Xib */,
				D4B1899E25CBCE81007C6AE9 /* Cell */,
			);
			path = Stickers;
			sourceTree = "<group>";
		};
		D4B1899E25CBCE81007C6AE9 /* Cell */ = {
			isa = PBXGroup;
			children = (
				D4F4915A25CD9E5F00FE9BF6 /* SingleStickerCVC.swift */,
				D4F4915B25CD9E5F00FE9BF6 /* SingleStickerCVC.xib */,
				D400F5B025CDAE2E00F71709 /* SingleCVC.swift */,
				D400F5B125CDAE2E00F71709 /* SingleCVC.xib */,
				D400F5A825CDA3CE00F71709 /* PackageStickerCVC.swift */,
				D400F5A925CDA3CE00F71709 /* PackageStickerCVC.xib */,
			);
			path = Cell;
			sourceTree = "<group>";
		};
		D4B1899F25CBCE88007C6AE9 /* Xib */ = {
			isa = PBXGroup;
			children = (
				D4B189A025CBCEA2007C6AE9 /* StickerView.swift */,
				D4B189A725CBCF30007C6AE9 /* StickerView.xib */,
			);
			path = Xib;
			sourceTree = "<group>";
		};
		D4B189A325CBCEDC007C6AE9 /* CustomView */ = {
			isa = PBXGroup;
			children = (
				D4B189A425CBCEEF007C6AE9 /* XibView.swift */,
			);
			path = CustomView;
			sourceTree = "<group>";
		};
		D4D5261325CB017800D18386 /* Cells */ = {
			isa = PBXGroup;
			children = (
				D4D5261425CB018A00D18386 /* CategoryCVC.swift */,
				D4B189AA25CBDF4B007C6AE9 /* CategorySecondCVC.swift */,
			);
			path = Cells;
			sourceTree = "<group>";
		};
		D4D5261D25CB195400D18386 /* Recovered References */ = {
			isa = PBXGroup;
			children = (
				D4EADD3325CA693E002B8629 /* ListSB.storyboard */,
			);
			name = "Recovered References";
			sourceTree = "<group>";
		};
/* End PBXGroup section */

/* Begin PBXNativeTarget section */
		D4336D1A25BE80D500D27568 /* Gift.zip-iOS */ = {
			isa = PBXNativeTarget;
			buildConfigurationList = D4336D2F25BE80D600D27568 /* Build configuration list for PBXNativeTarget "Gift.zip-iOS" */;
			buildPhases = (
				5C027F2FB0CFA3D28FAA1396 /* [CP] Check Pods Manifest.lock */,
				D4336D1725BE80D500D27568 /* Sources */,
				D4336D1825BE80D500D27568 /* Frameworks */,
				D4336D1925BE80D500D27568 /* Resources */,
				3744AACA9CB299DAD3B6E26C /* [CP] Embed Pods Frameworks */,
			);
			buildRules = (
			);
			dependencies = (
			);
			name = "Gift.zip-iOS";
			productName = "Gift.zip-iOS";
			productReference = D4336D1B25BE80D500D27568 /* Gift.zip-iOS.app */;
			productType = "com.apple.product-type.application";
		};
/* End PBXNativeTarget section */

/* Begin PBXProject section */
		D4336D1325BE80D500D27568 /* Project object */ = {
			isa = PBXProject;
			attributes = {
				LastSwiftUpdateCheck = 1230;
				LastUpgradeCheck = 1230;
				TargetAttributes = {
					D4336D1A25BE80D500D27568 = {
						CreatedOnToolsVersion = 12.3;
					};
				};
			};
			buildConfigurationList = D4336D1625BE80D500D27568 /* Build configuration list for PBXProject "Gift.zip-iOS" */;
			compatibilityVersion = "Xcode 9.3";
			developmentRegion = en;
			hasScannedForEncodings = 0;
			knownRegions = (
				en,
				Base,
			);
			mainGroup = D4336D1225BE80D500D27568;
			productRefGroup = D4336D1C25BE80D500D27568 /* Products */;
			projectDirPath = "";
			projectRoot = "";
			targets = (
				D4336D1A25BE80D500D27568 /* Gift.zip-iOS */,
			);
		};
/* End PBXProject section */

/* Begin PBXResourcesBuildPhase section */
		D4336D1925BE80D500D27568 /* Resources */ = {
			isa = PBXResourcesBuildPhase;
			buildActionMask = 2147483647;
			files = (
				D4336D2B25BE80D500D27568 /* LaunchScreen.storyboard in Resources */,
				40ADFC0E25C9AFA100721F4D /* ListSB.storyboard in Resources */,
				D4B189A825CBCF30007C6AE9 /* StickerView.xib in Resources */,
				408E519B25CB1E6E0037EC9B /* OnboardingSB.storyboard in Resources */,
				D4F4915D25CD9E5F00FE9BF6 /* SingleStickerCVC.xib in Resources */,
				D4336D2825BE80D500D27568 /* Assets.xcassets in Resources */,
				D4D5262425CB385700D18386 /* MainSB.storyboard in Resources */,
				408E518F25CAF5E20037EC9B /* GridCollectionViewCell.xib in Resources */,
				D4336D2625BE80D500D27568 /* Main.storyboard in Resources */,
				D465156D25CE9F9000CDA2EB /* Settings.storyboard in Resources */,
				D4A08E9525BFDD09009CFCC4 /* Record.storyboard in Resources */,
				D400F5B325CDAE2E00F71709 /* SingleCVC.xib in Resources */,
				D4A08EB625C01A8A009CFCC4 /* Spoqa Han Sans Neo Bold.otf in Resources */,
				D4A08EB825C01A8D009CFCC4 /* Spoqa Han Sans Neo Regular.otf in Resources */,
				D400F5AB25CDA3CE00F71709 /* PackageStickerCVC.xib in Resources */,
			);
			runOnlyForDeploymentPostprocessing = 0;
		};
/* End PBXResourcesBuildPhase section */

/* Begin PBXShellScriptBuildPhase section */
		3744AACA9CB299DAD3B6E26C /* [CP] Embed Pods Frameworks */ = {
			isa = PBXShellScriptBuildPhase;
			buildActionMask = 2147483647;
			files = (
			);
			inputFileListPaths = (
				"${PODS_ROOT}/Target Support Files/Pods-Gift.zip-iOS/Pods-Gift.zip-iOS-frameworks-${CONFIGURATION}-input-files.xcfilelist",
			);
			name = "[CP] Embed Pods Frameworks";
			outputFileListPaths = (
				"${PODS_ROOT}/Target Support Files/Pods-Gift.zip-iOS/Pods-Gift.zip-iOS-frameworks-${CONFIGURATION}-output-files.xcfilelist",
			);
			runOnlyForDeploymentPostprocessing = 0;
			shellPath = /bin/sh;
			shellScript = "\"${PODS_ROOT}/Target Support Files/Pods-Gift.zip-iOS/Pods-Gift.zip-iOS-frameworks.sh\"\n";
			showEnvVarsInLog = 0;
		};
		5C027F2FB0CFA3D28FAA1396 /* [CP] Check Pods Manifest.lock */ = {
			isa = PBXShellScriptBuildPhase;
			buildActionMask = 2147483647;
			files = (
			);
			inputFileListPaths = (
			);
			inputPaths = (
				"${PODS_PODFILE_DIR_PATH}/Podfile.lock",
				"${PODS_ROOT}/Manifest.lock",
			);
			name = "[CP] Check Pods Manifest.lock";
			outputFileListPaths = (
			);
			outputPaths = (
				"$(DERIVED_FILE_DIR)/Pods-Gift.zip-iOS-checkManifestLockResult.txt",
			);
			runOnlyForDeploymentPostprocessing = 0;
			shellPath = /bin/sh;
			shellScript = "diff \"${PODS_PODFILE_DIR_PATH}/Podfile.lock\" \"${PODS_ROOT}/Manifest.lock\" > /dev/null\nif [ $? != 0 ] ; then\n    # print error to STDERR\n    echo \"error: The sandbox is not in sync with the Podfile.lock. Run 'pod install' or update your CocoaPods installation.\" >&2\n    exit 1\nfi\n# This output is used by Xcode 'outputs' to avoid re-running this script phase.\necho \"SUCCESS\" > \"${SCRIPT_OUTPUT_FILE_0}\"\n";
			showEnvVarsInLog = 0;
		};
/* End PBXShellScriptBuildPhase section */

/* Begin PBXSourcesBuildPhase section */
		D4336D1725BE80D500D27568 /* Sources */ = {
			isa = PBXSourcesBuildPhase;
			buildActionMask = 2147483647;
			files = (
				40DE15CC25C8636D00184320 /* ListVC.swift in Sources */,
				D4B189A525CBCEEF007C6AE9 /* XibView.swift in Sources */,
				D4A08EB425C016BA009CFCC4 /* DatePopupVC.swift in Sources */,
				D4D6B3D025D1059800231F8E /* LogoutPopupVC.swift in Sources */,
				D4A08E9225BFDCFF009CFCC4 /* RecordVC.swift in Sources */,
				4052035225C537890066989C /* CollectionViewCell.swift in Sources */,
				D4A08E9E25BFE031009CFCC4 /* UIColor+Extensions.swift in Sources */,
				D400F5B225CDAE2E00F71709 /* SingleCVC.swift in Sources */,
				D4F360AC25C8871700874874 /* ImageCropVC.swift in Sources */,
				D4F3609625C8739F00874874 /* ShiftyImageCropVC.swift in Sources */,
				D4336D2325BE80D500D27568 /* ViewController.swift in Sources */,
				D465157225CEA44B00CDA2EB /* SettingsTVC.swift in Sources */,
				D4D5261525CB018A00D18386 /* CategoryCVC.swift in Sources */,
				4052034E25C537110066989C /* VC.swift in Sources */,
				D4B189AB25CBDF4B007C6AE9 /* CategorySecondCVC.swift in Sources */,
				D41F926925CF00CA009B9743 /* FooterTVC.swift in Sources */,
				D4A08EBD25C01D32009CFCC4 /* PopupViewDelegate.swift in Sources */,
				40DE15C925C8629300184320 /* ListCollectionViewCell.swift in Sources */,
				D41F926625CEDE30009B9743 /* HeaderTVC.swift in Sources */,
				408E51A025CB201C0037EC9B /* OnboardingVC.swift in Sources */,
				D400F5AA25CDA3CE00F71709 /* PackageStickerCVC.swift in Sources */,
				D4D5261025CAFE2400D18386 /* IconPopupVC.swift in Sources */,
				408E519225CAF81E0037EC9B /* GridCollectionViewCell.swift in Sources */,
				40ADFC1325C9B03800721F4D /* StickyCellFlowLayout.swift in Sources */,
				D4B189A125CBCEA2007C6AE9 /* StickerView.swift in Sources */,
				D4F4915C25CD9E5F00FE9BF6 /* SingleStickerCVC.swift in Sources */,
				D4336D1F25BE80D500D27568 /* AppDelegate.swift in Sources */,
				D4336D4225BE81FB00D27568 /* UIView+Extensions.swift in Sources */,
				D4336D2125BE80D500D27568 /* SceneDelegate.swift in Sources */,
				D465156925CE9F8100CDA2EB /* SettingsVC.swift in Sources */,
			);
			runOnlyForDeploymentPostprocessing = 0;
		};
/* End PBXSourcesBuildPhase section */

/* Begin PBXVariantGroup section */
		D4336D2425BE80D500D27568 /* Main.storyboard */ = {
			isa = PBXVariantGroup;
			children = (
				D4336D2525BE80D500D27568 /* Base */,
			);
			name = Main.storyboard;
			sourceTree = "<group>";
		};
		D4336D2925BE80D500D27568 /* LaunchScreen.storyboard */ = {
			isa = PBXVariantGroup;
			children = (
				D4336D2A25BE80D500D27568 /* Base */,
			);
			name = LaunchScreen.storyboard;
			sourceTree = "<group>";
		};
/* End PBXVariantGroup section */

/* Begin XCBuildConfiguration section */
		D4336D2D25BE80D600D27568 /* Debug */ = {
			isa = XCBuildConfiguration;
			buildSettings = {
				ALWAYS_SEARCH_USER_PATHS = NO;
				CLANG_ANALYZER_NONNULL = YES;
				CLANG_ANALYZER_NUMBER_OBJECT_CONVERSION = YES_AGGRESSIVE;
				CLANG_CXX_LANGUAGE_STANDARD = "gnu++14";
				CLANG_CXX_LIBRARY = "libc++";
				CLANG_ENABLE_MODULES = YES;
				CLANG_ENABLE_OBJC_ARC = YES;
				CLANG_ENABLE_OBJC_WEAK = YES;
				CLANG_WARN_BLOCK_CAPTURE_AUTORELEASING = YES;
				CLANG_WARN_BOOL_CONVERSION = YES;
				CLANG_WARN_COMMA = YES;
				CLANG_WARN_CONSTANT_CONVERSION = YES;
				CLANG_WARN_DEPRECATED_OBJC_IMPLEMENTATIONS = YES;
				CLANG_WARN_DIRECT_OBJC_ISA_USAGE = YES_ERROR;
				CLANG_WARN_DOCUMENTATION_COMMENTS = YES;
				CLANG_WARN_EMPTY_BODY = YES;
				CLANG_WARN_ENUM_CONVERSION = YES;
				CLANG_WARN_INFINITE_RECURSION = YES;
				CLANG_WARN_INT_CONVERSION = YES;
				CLANG_WARN_NON_LITERAL_NULL_CONVERSION = YES;
				CLANG_WARN_OBJC_IMPLICIT_RETAIN_SELF = YES;
				CLANG_WARN_OBJC_LITERAL_CONVERSION = YES;
				CLANG_WARN_OBJC_ROOT_CLASS = YES_ERROR;
				CLANG_WARN_QUOTED_INCLUDE_IN_FRAMEWORK_HEADER = YES;
				CLANG_WARN_RANGE_LOOP_ANALYSIS = YES;
				CLANG_WARN_STRICT_PROTOTYPES = YES;
				CLANG_WARN_SUSPICIOUS_MOVE = YES;
				CLANG_WARN_UNGUARDED_AVAILABILITY = YES_AGGRESSIVE;
				CLANG_WARN_UNREACHABLE_CODE = YES;
				CLANG_WARN__DUPLICATE_METHOD_MATCH = YES;
				COPY_PHASE_STRIP = NO;
				DEBUG_INFORMATION_FORMAT = dwarf;
				ENABLE_STRICT_OBJC_MSGSEND = YES;
				ENABLE_TESTABILITY = YES;
				GCC_C_LANGUAGE_STANDARD = gnu11;
				GCC_DYNAMIC_NO_PIC = NO;
				GCC_NO_COMMON_BLOCKS = YES;
				GCC_OPTIMIZATION_LEVEL = 0;
				GCC_PREPROCESSOR_DEFINITIONS = (
					"DEBUG=1",
					"$(inherited)",
				);
				GCC_WARN_64_TO_32_BIT_CONVERSION = YES;
				GCC_WARN_ABOUT_RETURN_TYPE = YES_ERROR;
				GCC_WARN_UNDECLARED_SELECTOR = YES;
				GCC_WARN_UNINITIALIZED_AUTOS = YES_AGGRESSIVE;
				GCC_WARN_UNUSED_FUNCTION = YES;
				GCC_WARN_UNUSED_VARIABLE = YES;
				IPHONEOS_DEPLOYMENT_TARGET = 14.3;
				MTL_ENABLE_DEBUG_INFO = INCLUDE_SOURCE;
				MTL_FAST_MATH = YES;
				ONLY_ACTIVE_ARCH = YES;
				SDKROOT = iphoneos;
				SWIFT_ACTIVE_COMPILATION_CONDITIONS = DEBUG;
				SWIFT_OPTIMIZATION_LEVEL = "-Onone";
			};
			name = Debug;
		};
		D4336D2E25BE80D600D27568 /* Release */ = {
			isa = XCBuildConfiguration;
			buildSettings = {
				ALWAYS_SEARCH_USER_PATHS = NO;
				CLANG_ANALYZER_NONNULL = YES;
				CLANG_ANALYZER_NUMBER_OBJECT_CONVERSION = YES_AGGRESSIVE;
				CLANG_CXX_LANGUAGE_STANDARD = "gnu++14";
				CLANG_CXX_LIBRARY = "libc++";
				CLANG_ENABLE_MODULES = YES;
				CLANG_ENABLE_OBJC_ARC = YES;
				CLANG_ENABLE_OBJC_WEAK = YES;
				CLANG_WARN_BLOCK_CAPTURE_AUTORELEASING = YES;
				CLANG_WARN_BOOL_CONVERSION = YES;
				CLANG_WARN_COMMA = YES;
				CLANG_WARN_CONSTANT_CONVERSION = YES;
				CLANG_WARN_DEPRECATED_OBJC_IMPLEMENTATIONS = YES;
				CLANG_WARN_DIRECT_OBJC_ISA_USAGE = YES_ERROR;
				CLANG_WARN_DOCUMENTATION_COMMENTS = YES;
				CLANG_WARN_EMPTY_BODY = YES;
				CLANG_WARN_ENUM_CONVERSION = YES;
				CLANG_WARN_INFINITE_RECURSION = YES;
				CLANG_WARN_INT_CONVERSION = YES;
				CLANG_WARN_NON_LITERAL_NULL_CONVERSION = YES;
				CLANG_WARN_OBJC_IMPLICIT_RETAIN_SELF = YES;
				CLANG_WARN_OBJC_LITERAL_CONVERSION = YES;
				CLANG_WARN_OBJC_ROOT_CLASS = YES_ERROR;
				CLANG_WARN_QUOTED_INCLUDE_IN_FRAMEWORK_HEADER = YES;
				CLANG_WARN_RANGE_LOOP_ANALYSIS = YES;
				CLANG_WARN_STRICT_PROTOTYPES = YES;
				CLANG_WARN_SUSPICIOUS_MOVE = YES;
				CLANG_WARN_UNGUARDED_AVAILABILITY = YES_AGGRESSIVE;
				CLANG_WARN_UNREACHABLE_CODE = YES;
				CLANG_WARN__DUPLICATE_METHOD_MATCH = YES;
				COPY_PHASE_STRIP = NO;
				DEBUG_INFORMATION_FORMAT = "dwarf-with-dsym";
				ENABLE_NS_ASSERTIONS = NO;
				ENABLE_STRICT_OBJC_MSGSEND = YES;
				GCC_C_LANGUAGE_STANDARD = gnu11;
				GCC_NO_COMMON_BLOCKS = YES;
				GCC_WARN_64_TO_32_BIT_CONVERSION = YES;
				GCC_WARN_ABOUT_RETURN_TYPE = YES_ERROR;
				GCC_WARN_UNDECLARED_SELECTOR = YES;
				GCC_WARN_UNINITIALIZED_AUTOS = YES_AGGRESSIVE;
				GCC_WARN_UNUSED_FUNCTION = YES;
				GCC_WARN_UNUSED_VARIABLE = YES;
				IPHONEOS_DEPLOYMENT_TARGET = 14.3;
				MTL_ENABLE_DEBUG_INFO = NO;
				MTL_FAST_MATH = YES;
				SDKROOT = iphoneos;
				SWIFT_COMPILATION_MODE = wholemodule;
				SWIFT_OPTIMIZATION_LEVEL = "-O";
				VALIDATE_PRODUCT = YES;
			};
			name = Release;
		};
		D4336D3025BE80D600D27568 /* Debug */ = {
			isa = XCBuildConfiguration;
			baseConfigurationReference = CD281D2B3ABD9BE5F785046B /* Pods-Gift.zip-iOS.debug.xcconfig */;
			buildSettings = {
				ASSETCATALOG_COMPILER_APPICON_NAME = AppIcon;
				ASSETCATALOG_COMPILER_GLOBAL_ACCENT_COLOR_NAME = AccentColor;
				CODE_SIGN_ENTITLEMENTS = "Gift.zip-iOS/Gift.zip-iOS.entitlements";
				CODE_SIGN_STYLE = Automatic;
				DEVELOPMENT_TEAM = TZVHD77BLL;
				INFOPLIST_FILE = "Gift.zip-iOS/Global/Supporting Files/Info.plist";
				LD_RUNPATH_SEARCH_PATHS = (
					"$(inherited)",
					"@executable_path/Frameworks",
				);
				PRODUCT_BUNDLE_IDENTIFIER = "com.Mukbang.Gift-zip-iOS";
				PRODUCT_NAME = "$(TARGET_NAME)";
				SWIFT_VERSION = 5.0;
				TARGETED_DEVICE_FAMILY = "1,2";
			};
			name = Debug;
		};
		D4336D3125BE80D600D27568 /* Release */ = {
			isa = XCBuildConfiguration;
			baseConfigurationReference = CAB51F8940A7A2D1DBE7B8F8 /* Pods-Gift.zip-iOS.release.xcconfig */;
			buildSettings = {
				ASSETCATALOG_COMPILER_APPICON_NAME = AppIcon;
				ASSETCATALOG_COMPILER_GLOBAL_ACCENT_COLOR_NAME = AccentColor;
				CODE_SIGN_ENTITLEMENTS = "Gift.zip-iOS/Gift.zip-iOS.entitlements";
				CODE_SIGN_STYLE = Automatic;
				DEVELOPMENT_TEAM = TZVHD77BLL;
				INFOPLIST_FILE = "Gift.zip-iOS/Global/Supporting Files/Info.plist";
				LD_RUNPATH_SEARCH_PATHS = (
					"$(inherited)",
					"@executable_path/Frameworks",
				);
				PRODUCT_BUNDLE_IDENTIFIER = "com.Mukbang.Gift-zip-iOS";
				PRODUCT_NAME = "$(TARGET_NAME)";
				SWIFT_VERSION = 5.0;
				TARGETED_DEVICE_FAMILY = "1,2";
			};
			name = Release;
		};
/* End XCBuildConfiguration section */

/* Begin XCConfigurationList section */
		D4336D1625BE80D500D27568 /* Build configuration list for PBXProject "Gift.zip-iOS" */ = {
			isa = XCConfigurationList;
			buildConfigurations = (
				D4336D2D25BE80D600D27568 /* Debug */,
				D4336D2E25BE80D600D27568 /* Release */,
			);
			defaultConfigurationIsVisible = 0;
			defaultConfigurationName = Release;
		};
		D4336D2F25BE80D600D27568 /* Build configuration list for PBXNativeTarget "Gift.zip-iOS" */ = {
			isa = XCConfigurationList;
			buildConfigurations = (
				D4336D3025BE80D600D27568 /* Debug */,
				D4336D3125BE80D600D27568 /* Release */,
			);
			defaultConfigurationIsVisible = 0;
			defaultConfigurationName = Release;
		};
/* End XCConfigurationList section */
	};
	rootObject = D4336D1325BE80D500D27568 /* Project object */;
}
